
Microsoft Visual Studio Solution File, Format Version 11.00
# Visual Studio 2010
Project("{F2A71F9B-5D33-465A-A702-920D77279786}") = "Chapter2.VS10", "Chapter2\Chapter2.VS10.fsproj", "{A8F54823-084E-4D68-AE51-2FCD3C2A0E39}"
EndProject
Global
	GlobalSection(SolutionConfigurationPlatforms) = preSolution
		Debug|Any CPU = Debug|Any CPU
		Release|Any CPU = Release|Any CPU
	EndGlobalSection
	GlobalSection(ProjectConfigurationPlatforms) = postSolution
		{A8F54823-084E-4D68-AE51-2FCD3C2A0E39}.Debug|Any CPU.ActiveCfg = Debug|Any CPU
		{A8F54823-084E-4D68-AE51-2FCD3C2A0E39}.Debug|Any CPU.Build.0 = Debug|Any CPU
		{A8F54823-084E-4D68-AE51-2FCD3C2A0E39}.Release|Any CPU.ActiveCfg = Release|Any CPU
		{A8F54823-084E-4D68-AE51-2FCD3C2A0E39}.Release|Any CPU.Build.0 = Release|Any CPU
	EndGlobalSection
	GlobalSection(SolutionProperties) = preSolution
		HideSolutionNode = FALSE
	EndGlobalSection
EndGlobal
