
Microsoft Visual Studio Solution File, Format Version 11.00
# Visual Studio 2010
Project("{4925A630-B079-445d-BCD4-3A9C94FE9307}") = "Chapter3", "Chapter3.fsproj", "ba30672d-cdd2-4989-be3d-f72e6389ea2d"
EndProject
Global
	GlobalSection(SolutionConfigurationPlatforms) = preSolution
		Debug|Any CPU = Debug|Any CPU
		Release|Any CPU = Release|Any CPU
	EndGlobalSection
	GlobalSection(ProjectConfigurationPlatforms) = postSolution
		ba30672d-cdd2-4989-be3d-f72e6389ea2d.Debug|Any CPU.ActiveCfg = Debug|Any CPU
		ba30672d-cdd2-4989-be3d-f72e6389ea2d.Debug|Any CPU.Build.0 = Debug|Any CPU
		ba30672d-cdd2-4989-be3d-f72e6389ea2d.Release|Any CPU.ActiveCfg = Release|Any CPU
		ba30672d-cdd2-4989-be3d-f72e6389ea2d.Release|Any CPU.Build.0 = Release|Any CPU
	EndGlobalSection
	GlobalSection(MonoDevelopProperties) = preSolution
		StartupItem = Chapter3.fsproj
	EndGlobalSection
EndGlobal
