
Microsoft Visual Studio Solution File, Format Version 11.00
# Visual Studio 2010
Project("{4925A630-B079-445d-BCD4-3A9C94FE9307}") = "Chapter3.VS10", "Chapter3.VS10.fsproj", "{a8f54823-084e-4d68-ae51-2fcd3c2a0e39}"
EndProject
Global
	GlobalSection(SolutionConfigurationPlatforms) = preSolution
		Debug|Any CPU = Debug|Any CPU
		Release|Any CPU = Release|Any CPU
	EndGlobalSection
	GlobalSection(ProjectConfigurationPlatforms) = postSolution
		{a8f54823-084e-4d68-ae51-2fcd3c2a0e39}.Debug|Any CPU.ActiveCfg = Debug|Any CPU
		{a8f54823-084e-4d68-ae51-2fcd3c2a0e39}.Debug|Any CPU.Build.0 = Debug|Any CPU
		{a8f54823-084e-4d68-ae51-2fcd3c2a0e39}.Release|Any CPU.ActiveCfg = Release|Any CPU
		{a8f54823-084e-4d68-ae51-2fcd3c2a0e39}.Release|Any CPU.Build.0 = Release|Any CPU
	EndGlobalSection
	GlobalSection(MonoDevelopProperties) = preSolution
		StartupItem = Chapter3.VS10.fsproj
	EndGlobalSection
EndGlobal
